
Microsoft Visual Studio Solution File, Format Version 12.00
# Visual Studio Version 17
VisualStudioVersion = 17.0.31903.59
MinimumVisualStudioVersion = 10.0.40219.1
Project("{9A19103F-16F7-4668-BE54-9A1E7A4F7556}") = "Serve.Domain", "Serve.Domain\Serve.Domain.csproj", "{D6E722B1-2BA1-41BF-9755-4AC088FE1287}"
EndProject
Project("{9A19103F-16F7-4668-BE54-9A1E7A4F7556}") = "Serve.Infra.Data", "Serve.Infra.Data\Serve.Infra.Data.csproj", "{0B58697F-74CE-4C78-8465-F218B6E1D750}"
EndProject
Project("{9A19103F-16F7-4668-BE54-9A1E7A4F7556}") = "Serve.WebApi", "Serve.WebApi\Serve.WebApi.csproj", "{4C5DAAA8-59BA-46CC-B651-2130423FA745}"
EndProject
Global
	GlobalSection(SolutionConfigurationPlatforms) = preSolution
		Debug|Any CPU = Debug|Any CPU
		Release|Any CPU = Release|Any CPU
	EndGlobalSection
	GlobalSection(ProjectConfigurationPlatforms) = postSolution
		{D6E722B1-2BA1-41BF-9755-4AC088FE1287}.Debug|Any CPU.ActiveCfg = Debug|Any CPU
		{D6E722B1-2BA1-41BF-9755-4AC088FE1287}.Debug|Any CPU.Build.0 = Debug|Any CPU
		{D6E722B1-2BA1-41BF-9755-4AC088FE1287}.Release|Any CPU.ActiveCfg = Release|Any CPU
		{D6E722B1-2BA1-41BF-9755-4AC088FE1287}.Release|Any CPU.Build.0 = Release|Any CPU
		{0B58697F-74CE-4C78-8465-F218B6E1D750}.Debug|Any CPU.ActiveCfg = Debug|Any CPU
		{0B58697F-74CE-4C78-8465-F218B6E1D750}.Debug|Any CPU.Build.0 = Debug|Any CPU
		{0B58697F-74CE-4C78-8465-F218B6E1D750}.Release|Any CPU.ActiveCfg = Release|Any CPU
		{0B58697F-74CE-4C78-8465-F218B6E1D750}.Release|Any CPU.Build.0 = Release|Any CPU
		{4C5DAAA8-59BA-46CC-B651-2130423FA745}.Debug|Any CPU.ActiveCfg = Debug|Any CPU
		{4C5DAAA8-59BA-46CC-B651-2130423FA745}.Debug|Any CPU.Build.0 = Debug|Any CPU
		{4C5DAAA8-59BA-46CC-B651-2130423FA745}.Release|Any CPU.ActiveCfg = Release|Any CPU
		{4C5DAAA8-59BA-46CC-B651-2130423FA745}.Release|Any CPU.Build.0 = Release|Any CPU
	EndGlobalSection
	GlobalSection(SolutionProperties) = preSolution
		HideSolutionNode = FALSE
	EndGlobalSection
	GlobalSection(ExtensibilityGlobals) = postSolution
		SolutionGuid = {FC863254-0911-41ED-A46F-4A7FD81C996B}
	EndGlobalSection
EndGlobal
